{
  "version": 4,
  "terraform_version": "1.14.3",
  "serial": 35,
  "lineage": "7b040357-5ab4-b5dd-b77b-b70b6eff1a17",
  "outputs": {
    "cluster_id": {
      "value": "1228-142211-hpa52obm",
      "type": "string"
    },
    "cluster_name": {
      "value": "Machine Learning Cluster",
      "type": "string"
    }
  },
  "resources": [
    {
      "mode": "data",
      "type": "azurerm_databricks_workspace",
      "name": "main",
      "provider": "provider[\"registry.terraform.io/hashicorp/azurerm\"]",
      "instances": [
        {
          "schema_version": 0,
          "attributes": {
            "id": "/subscriptions/d9bb7a77-9cc7-4eb6-9eff-a6aef4288919/resourceGroups/rg-databricks-ml-dev/providers/Microsoft.Databricks/workspaces/dbw-databricks-ml-jaguar",
            "location": "eastus",
            "managed_disk_identity": [],
            "name": "dbw-databricks-ml-jaguar",
            "resource_group_name": "rg-databricks-ml-dev",
            "sku": "premium",
            "storage_account_identity": [],
            "tags": {},
            "timeouts": null,
            "workspace_id": "7405608564792326",
            "workspace_url": "adb-7405608564792326.6.azuredatabricks.net"
          },
          "sensitive_attributes": [],
          "identity_schema_version": 0
        }
      ]
    },
    {
      "mode": "data",
      "type": "terraform_remote_state",
      "name": "databricks",
      "provider": "provider[\"terraform.io/builtin/terraform\"]",
      "instances": [
        {
          "schema_version": 0,
          "attributes": {
            "backend": "local",
            "config": {
              "value": {
                "path": "../02_databricks/terraform.tfstate"
              },
              "type": [
                "object",
                {
                  "path": "string"
                }
              ]
            },
            "defaults": null,
            "outputs": {
              "value": {
                "databricks_workspace_id": "/subscriptions/d9bb7a77-9cc7-4eb6-9eff-a6aef4288919/resourceGroups/rg-databricks-ml-dev/providers/Microsoft.Databricks/workspaces/dbw-databricks-ml-jaguar",
                "databricks_workspace_name": "dbw-databricks-ml-jaguar",
                "databricks_workspace_url": "adb-7405608564792326.6.azuredatabricks.net",
                "managed_resource_group_name": "dbw-databricks-ml-jaguar_managed"
              },
              "type": [
                "object",
                {
                  "databricks_workspace_id": "string",
                  "databricks_workspace_name": "string",
                  "databricks_workspace_url": "string",
                  "managed_resource_group_name": "string"
                }
              ]
            },
            "workspace": null
          },
          "sensitive_attributes": [],
          "identity_schema_version": 0
        }
      ]
    },
    {
      "mode": "managed",
      "type": "databricks_cluster",
      "name": "analytics",
      "provider": "provider[\"registry.terraform.io/databricks/databricks\"]",
      "instances": [
        {
          "schema_version": 4,
          "attributes": {
            "apply_policy_default_values": null,
            "autoscale": [],
            "autotermination_minutes": 20,
            "aws_attributes": [],
            "azure_attributes": [
              {
                "availability": "ON_DEMAND_AZURE",
                "first_on_demand": 1,
                "log_analytics_info": [],
                "spot_bid_max_price": -1
              }
            ],
            "cluster_id": "1228-142211-hpa52obm",
            "cluster_log_conf": [],
            "cluster_mount_info": [],
            "cluster_name": "Machine Learning Cluster",
            "custom_tags": {
              "ResourceClass": "SingleNode"
            },
            "data_security_mode": "SINGLE_USER",
            "default_tags": {
              "ClusterId": "1228-142211-hpa52obm",
              "ClusterName": "Machine Learning Cluster",
              "Creator": "roger@ch3rry-pi3.com",
              "Vendor": "Databricks"
            },
            "docker_image": [],
            "driver_instance_pool_id": null,
            "driver_node_type_id": "Standard_DC4as_v5",
            "enable_elastic_disk": true,
            "enable_local_disk_encryption": false,
            "gcp_attributes": [],
            "id": "1228-142211-hpa52obm",
            "idempotency_token": null,
            "init_scripts": [],
            "instance_pool_id": null,
            "is_pinned": false,
            "is_single_node": true,
            "kind": "CLASSIC_PREVIEW",
            "library": [
              {
                "cran": [],
                "egg": "",
                "jar": "",
                "maven": [],
                "pypi": [
                  {
                    "package": "hyperopt\u003e=0.2.7",
                    "repo": ""
                  }
                ],
                "requirements": "",
                "whl": ""
              },
              {
                "cran": [],
                "egg": "",
                "jar": "",
                "maven": [],
                "pypi": [
                  {
                    "package": "torch",
                    "repo": ""
                  }
                ],
                "requirements": "",
                "whl": ""
              }
            ],
            "no_wait": null,
            "node_type_id": "Standard_DC4as_v5",
            "num_workers": 0,
            "policy_id": null,
            "provider_config": [],
            "remote_disk_throughput": 0,
            "runtime_engine": "PHOTON",
            "single_user_name": "roger@ch3rry-pi3.com",
            "spark_conf": {
              "spark.databricks.cluster.profile": "singleNode",
              "spark.master": "local[*]"
            },
            "spark_env_vars": null,
            "spark_version": "16.0.x-scala2.12",
            "ssh_public_keys": null,
            "state": "RUNNING",
            "timeouts": null,
            "total_initial_remote_disk_size": 0,
            "url": "https://adb-7405608564792326.6.azuredatabricks.net/#setting/clusters/1228-142211-hpa52obm/configuration",
            "use_ml_runtime": true,
            "workload_type": []
          },
          "sensitive_attributes": [],
          "identity_schema_version": 0,
          "private": "eyJlMmJmYjczMC1lY2FhLTExZTYtOGY4OC0zNDM2M2JjN2M0YzAiOnsiY3JlYXRlIjoxODAwMDAwMDAwMDAwLCJkZWxldGUiOjE4MDAwMDAwMDAwMDAsInVwZGF0ZSI6MTgwMDAwMDAwMDAwMH0sInNjaGVtYV92ZXJzaW9uIjoiNCJ9",
          "dependencies": [
            "data.azurerm_databricks_workspace.main",
            "data.terraform_remote_state.databricks"
          ]
        }
      ]
    }
  ],
  "check_results": null
}
