{
  "version": 4,
  "terraform_version": "1.14.3",
  "serial": 15,
  "lineage": "817530a7-c16b-d15b-da87-1edc4dfed9a8",
  "outputs": {
    "resource_group_id": {
      "value": "/subscriptions/d9bb7a77-9cc7-4eb6-9eff-a6aef4288919/resourceGroups/rg-databricks-ml-dev",
      "type": "string"
    }
  },
  "resources": [
    {
      "mode": "managed",
      "type": "azurerm_resource_group",
      "name": "main",
      "provider": "provider[\"registry.terraform.io/hashicorp/azurerm\"]",
      "instances": [
        {
          "schema_version": 0,
          "attributes": {
            "id": "/subscriptions/d9bb7a77-9cc7-4eb6-9eff-a6aef4288919/resourceGroups/rg-databricks-ml-dev",
            "location": "eastus",
            "managed_by": "",
            "name": "rg-databricks-ml-dev",
            "tags": null,
            "timeouts": null
          },
          "sensitive_attributes": [],
          "identity_schema_version": 0,
          "private": "eyJlMmJmYjczMC1lY2FhLTExZTYtOGY4OC0zNDM2M2JjN2M0YzAiOnsiY3JlYXRlIjo1NDAwMDAwMDAwMDAwLCJkZWxldGUiOjU0MDAwMDAwMDAwMDAsInJlYWQiOjMwMDAwMDAwMDAwMCwidXBkYXRlIjo1NDAwMDAwMDAwMDAwfX0="
        }
      ]
    }
  ],
  "check_results": null
}
