{
  "version": 4,
  "terraform_version": "1.14.3",
  "serial": 27,
  "lineage": "1057b26e-1130-55b9-4bb1-ce90a4229106",
  "outputs": {
    "databricks_workspace_id": {
      "value": "/subscriptions/d9bb7a77-9cc7-4eb6-9eff-a6aef4288919/resourceGroups/rg-databricks-ml-dev/providers/Microsoft.Databricks/workspaces/dbw-databricks-ml-mustang",
      "type": "string"
    },
    "databricks_workspace_name": {
      "value": "dbw-databricks-ml-mustang",
      "type": "string"
    },
    "databricks_workspace_url": {
      "value": "adb-7405610087589998.18.azuredatabricks.net",
      "type": "string"
    },
    "managed_resource_group_name": {
      "value": "dbw-databricks-ml-mustang_managed",
      "type": "string"
    }
  },
  "resources": [
    {
      "mode": "data",
      "type": "azurerm_resource_group",
      "name": "main",
      "provider": "provider[\"registry.terraform.io/hashicorp/azurerm\"]",
      "instances": [
        {
          "schema_version": 0,
          "attributes": {
            "id": "/subscriptions/d9bb7a77-9cc7-4eb6-9eff-a6aef4288919/resourceGroups/rg-databricks-ml-dev",
            "location": "eastus",
            "managed_by": "",
            "name": "rg-databricks-ml-dev",
            "tags": {},
            "timeouts": null
          },
          "sensitive_attributes": [],
          "identity_schema_version": 0
        }
      ]
    },
    {
      "mode": "managed",
      "type": "azurerm_databricks_workspace",
      "name": "main",
      "provider": "provider[\"registry.terraform.io/hashicorp/azurerm\"]",
      "instances": [
        {
          "schema_version": 0,
          "attributes": {
            "access_connector_id": null,
            "custom_parameters": [
              {
                "machine_learning_workspace_id": "",
                "nat_gateway_name": "",
                "no_public_ip": true,
                "private_subnet_name": "",
                "private_subnet_network_security_group_association_id": "",
                "public_ip_name": "",
                "public_subnet_name": "",
                "public_subnet_network_security_group_association_id": "",
                "storage_account_name": "dbstoragedzy426zxeutkq",
                "storage_account_sku_name": "Standard_GRS",
                "virtual_network_id": "",
                "vnet_address_prefix": ""
              }
            ],
            "customer_managed_key_enabled": false,
            "default_storage_firewall_enabled": null,
            "disk_encryption_set_id": "",
            "id": "/subscriptions/d9bb7a77-9cc7-4eb6-9eff-a6aef4288919/resourceGroups/rg-databricks-ml-dev/providers/Microsoft.Databricks/workspaces/dbw-databricks-ml-mustang",
            "infrastructure_encryption_enabled": false,
            "load_balancer_backend_address_pool_id": "",
            "location": "eastus",
            "managed_disk_cmk_key_vault_id": "",
            "managed_disk_cmk_key_vault_key_id": "",
            "managed_disk_cmk_rotation_to_latest_version_enabled": false,
            "managed_disk_identity": [],
            "managed_resource_group_id": "/subscriptions/d9bb7a77-9cc7-4eb6-9eff-a6aef4288919/resourceGroups/dbw-databricks-ml-mustang_managed",
            "managed_resource_group_name": "dbw-databricks-ml-mustang_managed",
            "managed_services_cmk_key_vault_id": "",
            "managed_services_cmk_key_vault_key_id": "",
            "name": "dbw-databricks-ml-mustang",
            "network_security_group_rules_required": null,
            "public_network_access_enabled": true,
            "resource_group_name": "rg-databricks-ml-dev",
            "sku": "premium",
            "storage_account_identity": [],
            "tags": null,
            "timeouts": null,
            "workspace_id": "7405610087589998",
            "workspace_url": "adb-7405610087589998.18.azuredatabricks.net"
          },
          "sensitive_attributes": [],
          "identity_schema_version": 0,
          "private": "eyJlMmJmYjczMC1lY2FhLTExZTYtOGY4OC0zNDM2M2JjN2M0YzAiOnsiY3JlYXRlIjoxODAwMDAwMDAwMDAwLCJkZWxldGUiOjE4MDAwMDAwMDAwMDAsInJlYWQiOjMwMDAwMDAwMDAwMCwidXBkYXRlIjoxODAwMDAwMDAwMDAwfX0=",
          "dependencies": [
            "data.azurerm_resource_group.main",
            "random_pet.workspace"
          ]
        }
      ]
    },
    {
      "mode": "managed",
      "type": "random_pet",
      "name": "workspace",
      "provider": "provider[\"registry.terraform.io/hashicorp/random\"]",
      "instances": [
        {
          "schema_version": 0,
          "attributes": {
            "id": "mustang",
            "keepers": null,
            "length": 1,
            "prefix": null,
            "separator": "-"
          },
          "sensitive_attributes": [],
          "identity_schema_version": 0
        }
      ]
    }
  ],
  "check_results": null
}
